
Microsoft Visual Studio Solution File, Format Version 12.00
# Visual Studio Version 16
VisualStudioVersion = 16.0.30413.136
MinimumVisualStudioVersion = 10.0.40219.1
Project("{2150E333-8FDC-42A3-9474-1A3956D46DE8}") = "core", "core", "{E64E9173-1B6F-4674-B6D7-F9E5EEFDC456}"
EndProject
Project("{2150E333-8FDC-42A3-9474-1A3956D46DE8}") = "API", "API", "{0A095E9B-382B-4AA9-B3E0-ED97288BF0E2}"
EndProject
Project("{2150E333-8FDC-42A3-9474-1A3956D46DE8}") = "infrastructure", "infrastructure", "{B25B0D06-4622-45E2-BC11-7C3A5564FD4D}"
EndProject
Project("{9A19103F-16F7-4668-BE54-9A1E7A4F7556}") = "Infrastructure.sql", "Infrastructure.sql\Infrastructure.sql.csproj", "{3CAE8D83-7B07-4754-8DE6-1D51CCF1393F}"
EndProject
Project("{9A19103F-16F7-4668-BE54-9A1E7A4F7556}") = "Heroes.Core", "Heroes.Core\Heroes.Core.csproj", "{DFBD3F0C-686F-44AC-BFCB-73CCF6B718AB}"
EndProject
Project("{9A19103F-16F7-4668-BE54-9A1E7A4F7556}") = "Heroes.Entity", "Heroes.Entity\Heroes.Entity.csproj", "{1B30A389-4830-45B6-9682-1CF602EF40E7}"
EndProject
Project("{FAE04EC0-301F-11D3-BF4B-00C04F79EFBC}") = "Google.Cloud.API", "Google.Cloud.API\Google.Cloud.API.csproj", "{1B0C6E0A-6E72-41B2-9D03-E08DF25CB9A9}"
EndProject
Global
	GlobalSection(SolutionConfigurationPlatforms) = preSolution
		Debug|Any CPU = Debug|Any CPU
		Release|Any CPU = Release|Any CPU
	EndGlobalSection
	GlobalSection(ProjectConfigurationPlatforms) = postSolution
		{3CAE8D83-7B07-4754-8DE6-1D51CCF1393F}.Debug|Any CPU.ActiveCfg = Debug|Any CPU
		{3CAE8D83-7B07-4754-8DE6-1D51CCF1393F}.Debug|Any CPU.Build.0 = Debug|Any CPU
		{3CAE8D83-7B07-4754-8DE6-1D51CCF1393F}.Release|Any CPU.ActiveCfg = Release|Any CPU
		{3CAE8D83-7B07-4754-8DE6-1D51CCF1393F}.Release|Any CPU.Build.0 = Release|Any CPU
		{DFBD3F0C-686F-44AC-BFCB-73CCF6B718AB}.Debug|Any CPU.ActiveCfg = Debug|Any CPU
		{DFBD3F0C-686F-44AC-BFCB-73CCF6B718AB}.Debug|Any CPU.Build.0 = Debug|Any CPU
		{DFBD3F0C-686F-44AC-BFCB-73CCF6B718AB}.Release|Any CPU.ActiveCfg = Release|Any CPU
		{DFBD3F0C-686F-44AC-BFCB-73CCF6B718AB}.Release|Any CPU.Build.0 = Release|Any CPU
		{1B30A389-4830-45B6-9682-1CF602EF40E7}.Debug|Any CPU.ActiveCfg = Debug|Any CPU
		{1B30A389-4830-45B6-9682-1CF602EF40E7}.Debug|Any CPU.Build.0 = Debug|Any CPU
		{1B30A389-4830-45B6-9682-1CF602EF40E7}.Release|Any CPU.ActiveCfg = Release|Any CPU
		{1B30A389-4830-45B6-9682-1CF602EF40E7}.Release|Any CPU.Build.0 = Release|Any CPU
		{1B0C6E0A-6E72-41B2-9D03-E08DF25CB9A9}.Debug|Any CPU.ActiveCfg = Debug|Any CPU
		{1B0C6E0A-6E72-41B2-9D03-E08DF25CB9A9}.Debug|Any CPU.Build.0 = Debug|Any CPU
		{1B0C6E0A-6E72-41B2-9D03-E08DF25CB9A9}.Release|Any CPU.ActiveCfg = Release|Any CPU
		{1B0C6E0A-6E72-41B2-9D03-E08DF25CB9A9}.Release|Any CPU.Build.0 = Release|Any CPU
	EndGlobalSection
	GlobalSection(SolutionProperties) = preSolution
		HideSolutionNode = FALSE
	EndGlobalSection
	GlobalSection(NestedProjects) = preSolution
		{3CAE8D83-7B07-4754-8DE6-1D51CCF1393F} = {B25B0D06-4622-45E2-BC11-7C3A5564FD4D}
		{DFBD3F0C-686F-44AC-BFCB-73CCF6B718AB} = {E64E9173-1B6F-4674-B6D7-F9E5EEFDC456}
		{1B30A389-4830-45B6-9682-1CF602EF40E7} = {E64E9173-1B6F-4674-B6D7-F9E5EEFDC456}
		{1B0C6E0A-6E72-41B2-9D03-E08DF25CB9A9} = {0A095E9B-382B-4AA9-B3E0-ED97288BF0E2}
	EndGlobalSection
	GlobalSection(ExtensibilityGlobals) = postSolution
		SolutionGuid = {FE323BD7-4183-42A4-99D0-F292A3E5761A}
	EndGlobalSection
EndGlobal
